{
  "name": "har-rest",
  "version": "1.0.0",
  "lockfileVersion": 1,
  "requires": true,
  "dependencies": {
    "adler-32": {
      "version": "1.2.0",
      "resolved": "https://registry.npmjs.org/adler-32/-/adler-32-1.2.0.tgz",
      "integrity": "sha1-aj5r8KY5ALoVZSgIyxXGgT0aXyU=",
      "dev": true,
      "requires": {
        "exit-on-epipe": "~1.0.1",
        "printj": "~1.1.0"
      }
    },
    "cfb": {
      "version": "1.2.1",
      "resolved": "https://registry.npmjs.org/cfb/-/cfb-1.2.1.tgz",
      "integrity": "sha512-wT2ScPAFGSVy7CY+aauMezZBnNrfnaLSrxHUHdea+Td/86vrk6ZquggV+ssBR88zNs0OnBkL2+lf9q0K+zVGzQ==",
      "dev": true,
      "requires": {
        "adler-32": "~1.3.0",
        "crc-32": "~1.2.0",
        "printj": "~1.3.0"
      },
      "dependencies": {
        "adler-32": {
          "version": "1.3.0",
          "resolved": "https://registry.npmjs.org/adler-32/-/adler-32-1.3.0.tgz",
          "integrity": "sha512-f5nltvjl+PRUh6YNfUstRaXwJxtfnKEWhAWWlmKvh+Y3J2+98a0KKVYDEhz6NdKGqswLhjNGznxfSsZGOvOd9g==",
          "dev": true,
          "requires": {
            "printj": "~1.2.2"
          },
          "dependencies": {
            "printj": {
              "version": "1.2.3",
              "resolved": "https://registry.npmjs.org/printj/-/printj-1.2.3.tgz",
              "integrity": "sha512-sanczS6xOJOg7IKDvi4sGOUOe7c1tsEzjwlLFH/zgwx/uyImVM9/rgBkc8AfiQa/Vg54nRd8mkm9yI7WV/O+WA==",
              "dev": true
            }
          }
        },
        "printj": {
          "version": "1.3.0",
          "resolved": "https://registry.npmjs.org/printj/-/printj-1.3.0.tgz",
          "integrity": "sha512-017o8YIaz8gLhaNxRB9eBv2mWXI2CtzhPJALnQTP+OPpuUfP0RMWqr/mHCzqVeu1AQxfzSfAtAq66vKB8y7Lzg==",
          "dev": true
        }
      }
    },
    "codemirror": {
      "version": "5.64.0",
      "resolved": "https://registry.npmjs.org/codemirror/-/codemirror-5.64.0.tgz",
      "integrity": "sha512-fqr6CtDQdJ6iNMbD8NX2gH2G876nNDk+TO1rrYkgWnqQdO3O1Xa9tK6q+psqhJJgE5SpbaDcgdfLmukoUVE8pg==",
      "dev": true
    },
    "codepage": {
      "version": "1.15.0",
      "resolved": "https://registry.npmjs.org/codepage/-/codepage-1.15.0.tgz",
      "integrity": "sha512-3g6NUTPd/YtuuGrhMnOMRjFc+LJw/bnMp3+0r/Wcz3IXUuCosKRJvMphm5+Q+bvTVGcJJuRvVLuYba+WojaFaA==",
      "dev": true
    },
    "crc-32": {
      "version": "1.2.0",
      "resolved": "https://registry.npmjs.org/crc-32/-/crc-32-1.2.0.tgz",
      "integrity": "sha512-1uBwHxF+Y/4yF5G48fwnKq6QsIXheor3ZLPT80yGBV1oEUwpPojlEhQbWKVw1VwcTQyMGHK1/XMmTjmlsmTTGA==",
      "dev": true,
      "requires": {
        "exit-on-epipe": "~1.0.1",
        "printj": "~1.1.0"
      }
    },
    "exit-on-epipe": {
      "version": "1.0.1",
      "resolved": "https://registry.npmjs.org/exit-on-epipe/-/exit-on-epipe-1.0.1.tgz",
      "integrity": "sha512-h2z5mrROTxce56S+pnvAV890uu7ls7f1kEvVGJbw1OlFH3/mlJ5bkXu0KRyW94v37zzHPiUd55iLn3DA7TjWpw==",
      "dev": true
    },
    "frac": {
      "version": "1.1.2",
      "resolved": "https://registry.npmjs.org/frac/-/frac-1.1.2.tgz",
      "integrity": "sha512-w/XBfkibaTl3YDqASwfDUqkna4Z2p9cFSr1aHDt0WoMTECnRfBOv2WArlZILlqgWlmdIlALXGpM2AOhEk5W3IA==",
      "dev": true
    },
    "printj": {
      "version": "1.1.2",
      "resolved": "https://registry.npmjs.org/printj/-/printj-1.1.2.tgz",
      "integrity": "sha512-zA2SmoLaxZyArQTOPj5LXecR+RagfPSU5Kw1qP+jkWeNlrq+eJZyY2oS68SU1Z/7/myXM4lo9716laOFAVStCQ==",
      "dev": true
    },
    "ssf": {
      "version": "0.11.2",
      "resolved": "https://registry.npmjs.org/ssf/-/ssf-0.11.2.tgz",
      "integrity": "sha512-+idbmIXoYET47hH+d7dfm2epdOMUDjqcB4648sTZ+t2JwoyBFL/insLfB/racrDmsKB3diwsDA696pZMieAC5g==",
      "dev": true,
      "requires": {
        "frac": "~1.1.2"
      }
    },
    "ts-jsonp": {
      "version": "4.7.4",
      "resolved": "https://registry.npmjs.org/ts-jsonp/-/ts-jsonp-4.7.4.tgz",
      "integrity": "sha512-c8OrTN/hqfQTFETIWzKDuLlB+JHqRcIQt7jq5ngqsxFe631bfJpTqFD08PDllbwoctv7amOkTIYWfvG0wfdMOw==",
      "dev": true
    },
    "typescript": {
      "version": "4.5.4",
      "resolved": "https://registry.npmjs.org/typescript/-/typescript-4.5.4.tgz",
      "integrity": "sha512-VgYs2A2QIRuGphtzFV7aQJduJ2gyfTljngLzjpfW9FoYZF6xuw1W0vW9ghCKLfcWrCFxK81CSGRAvS1pn4fIUg==",
      "dev": true
    },
    "wmf": {
      "version": "1.0.2",
      "resolved": "https://registry.npmjs.org/wmf/-/wmf-1.0.2.tgz",
      "integrity": "sha512-/p9K7bEh0Dj6WbXg4JG0xvLQmIadrner1bi45VMJTfnbVHsc7yIajZyoSoK60/dtVBs12Fm6WkUI5/3WAVsNMw==",
      "dev": true
    },
    "word": {
      "version": "0.3.0",
      "resolved": "https://registry.npmjs.org/word/-/word-0.3.0.tgz",
      "integrity": "sha512-OELeY0Q61OXpdUfTp+oweA/vtLVg5VDOXh+3he3PNzLGG/y0oylSOC1xRVj0+l4vQ3tj/bB1HVHv1ocXkQceFA==",
      "dev": true
    },
    "xlsx": {
      "version": "0.17.4",
      "resolved": "https://registry.npmjs.org/xlsx/-/xlsx-0.17.4.tgz",
      "integrity": "sha512-9aKt8g9ZLP0CUdBX8L5xnoMDFwSiLI997eQnDThCaqQMYB9AEBIRzblSSNN/ICMGLYIHUO3VKaItcedZJ3ijIg==",
      "dev": true,
      "requires": {
        "adler-32": "~1.2.0",
        "cfb": "^1.1.4",
        "codepage": "~1.15.0",
        "crc-32": "~1.2.0",
        "ssf": "~0.11.2",
        "wmf": "~1.0.1",
        "word": "~0.3.0"
      }
    }
  }
}
